
Microsoft Visual Studio Solution File, Format Version 12.00
# Visual Studio 15
VisualStudioVersion = 15.0.28307.779
MinimumVisualStudioVersion = 10.0.40219.1
Project("{FAE04EC0-301F-11D3-BF4B-00C04F79EFBC}") = "Clase 2", "Clase 2\Clase 2.csproj", "{33D73A5B-6D5F-42A6-BDDE-AC043844E02D}"
EndProject
Global
	GlobalSection(SolutionConfigurationPlatforms) = preSolution
		Debug|Any CPU = Debug|Any CPU
		Release|Any CPU = Release|Any CPU
	EndGlobalSection
	GlobalSection(ProjectConfigurationPlatforms) = postSolution
		{33D73A5B-6D5F-42A6-BDDE-AC043844E02D}.Debug|Any CPU.ActiveCfg = Debug|Any CPU
		{33D73A5B-6D5F-42A6-BDDE-AC043844E02D}.Debug|Any CPU.Build.0 = Debug|Any CPU
		{33D73A5B-6D5F-42A6-BDDE-AC043844E02D}.Release|Any CPU.ActiveCfg = Release|Any CPU
		{33D73A5B-6D5F-42A6-BDDE-AC043844E02D}.Release|Any CPU.Build.0 = Release|Any CPU
	EndGlobalSection
	GlobalSection(SolutionProperties) = preSolution
		HideSolutionNode = FALSE
	EndGlobalSection
	GlobalSection(ExtensibilityGlobals) = postSolution
		SolutionGuid = {307E7DA6-7706-42A8-8EB9-0675E8E9F3F1}
	EndGlobalSection
EndGlobal
